
Microsoft Visual Studio Solution File, Format Version 12.00
# Visual Studio Version 17
VisualStudioVersion = 17.10.35013.160
MinimumVisualStudioVersion = 10.0.40219.1
Project("{FAE04EC0-301F-11D3-BF4B-00C04F79EFBC}") = "USBMonitorApp", "USBMonitorApp.csproj", "{BBDB7ACA-49A3-432C-82CA-BCA9C4C118FE}"
EndProject
Global
	GlobalSection(SolutionConfigurationPlatforms) = preSolution
		Debug|Any CPU = Debug|Any CPU
		Release|Any CPU = Release|Any CPU
	EndGlobalSection
	GlobalSection(ProjectConfigurationPlatforms) = postSolution
		{BBDB7ACA-49A3-432C-82CA-BCA9C4C118FE}.Debug|Any CPU.ActiveCfg = Debug|Any CPU
		{BBDB7ACA-49A3-432C-82CA-BCA9C4C118FE}.Debug|Any CPU.Build.0 = Debug|Any CPU
		{BBDB7ACA-49A3-432C-82CA-BCA9C4C118FE}.Release|Any CPU.ActiveCfg = Release|Any CPU
		{BBDB7ACA-49A3-432C-82CA-BCA9C4C118FE}.Release|Any CPU.Build.0 = Release|Any CPU
	EndGlobalSection
	GlobalSection(SolutionProperties) = preSolution
		HideSolutionNode = FALSE
	EndGlobalSection
	GlobalSection(ExtensibilityGlobals) = postSolution
		SolutionGuid = {4D0F08DA-7222-4472-9944-9B757AB97131}
	EndGlobalSection
EndGlobal
